
Microsoft Visual Studio Solution File, Format Version 11.00
# Visual Studio 2010
Project("{FAE04EC0-301F-11D3-BF4B-00C04F79EFBC}") = "tp-cg", "Assembly-CSharp.csproj", "{44B15F8F-0D17-3EC9-9166-8CE6AFC0258C}"
EndProject
Project("{FAE04EC0-301F-11D3-BF4B-00C04F79EFBC}") = "tp-cg", "Assembly-CSharp-firstpass.csproj", "{81CF84E9-5617-1399-0799-2BD38976AE4B}"
EndProject
Project("{FAE04EC0-301F-11D3-BF4B-00C04F79EFBC}") = "tp-cg", "Assembly-CSharp-Editor-firstpass.csproj", "{1E79F46D-4B30-0619-51D2-164AB86FF86C}"
EndProject
Global
	GlobalSection(SolutionConfigurationPlatforms) = preSolution
		Debug|Any CPU = Debug|Any CPU
		Release|Any CPU = Release|Any CPU
	EndGlobalSection
	GlobalSection(ProjectConfigurationPlatforms) = postSolution
		{44B15F8F-0D17-3EC9-9166-8CE6AFC0258C}.Debug|Any CPU.ActiveCfg = Debug|Any CPU
		{44B15F8F-0D17-3EC9-9166-8CE6AFC0258C}.Debug|Any CPU.Build.0 = Debug|Any CPU
		{44B15F8F-0D17-3EC9-9166-8CE6AFC0258C}.Release|Any CPU.ActiveCfg = Release|Any CPU
		{44B15F8F-0D17-3EC9-9166-8CE6AFC0258C}.Release|Any CPU.Build.0 = Release|Any CPU
		{81CF84E9-5617-1399-0799-2BD38976AE4B}.Debug|Any CPU.ActiveCfg = Debug|Any CPU
		{81CF84E9-5617-1399-0799-2BD38976AE4B}.Debug|Any CPU.Build.0 = Debug|Any CPU
		{81CF84E9-5617-1399-0799-2BD38976AE4B}.Release|Any CPU.ActiveCfg = Release|Any CPU
		{81CF84E9-5617-1399-0799-2BD38976AE4B}.Release|Any CPU.Build.0 = Release|Any CPU
		{1E79F46D-4B30-0619-51D2-164AB86FF86C}.Debug|Any CPU.ActiveCfg = Debug|Any CPU
		{1E79F46D-4B30-0619-51D2-164AB86FF86C}.Debug|Any CPU.Build.0 = Debug|Any CPU
		{1E79F46D-4B30-0619-51D2-164AB86FF86C}.Release|Any CPU.ActiveCfg = Release|Any CPU
		{1E79F46D-4B30-0619-51D2-164AB86FF86C}.Release|Any CPU.Build.0 = Release|Any CPU
	EndGlobalSection
	GlobalSection(SolutionProperties) = preSolution
		HideSolutionNode = FALSE
	EndGlobalSection
	GlobalSection(MonoDevelopProperties) = preSolution
		StartupItem = Assembly-CSharp.csproj
	EndGlobalSection
EndGlobal
